// !$*UTF8*$!
{
	archiveVersion = 1;
	classes = {
	};
	objectVersion = 56;
	objects = {

/* Begin PBXBuildFile section */
		75DC61DD2A444F0F007B1913 /* ShootARApp.swift in Sources */ = {isa = PBXBuildFile; fileRef = 75DC61DC2A444F0F007B1913 /* ShootARApp.swift */; };
		75DC61DF2A444F0F007B1913 /* ContentView.swift in Sources */ = {isa = PBXBuildFile; fileRef = 75DC61DE2A444F0F007B1913 /* ContentView.swift */; };
		75DC61E12A444F11007B1913 /* Assets.xcassets in Resources */ = {isa = PBXBuildFile; fileRef = 75DC61E02A444F11007B1913 /* Assets.xcassets */; };
		75DC61E42A444F11007B1913 /* Preview Assets.xcassets in Resources */ = {isa = PBXBuildFile; fileRef = 75DC61E32A444F11007B1913 /* Preview Assets.xcassets */; };
		75DC61EB2A444F64007B1913 /* ARViewContainer.swift in Sources */ = {isa = PBXBuildFile; fileRef = 75DC61EA2A444F64007B1913 /* ARViewContainer.swift */; };
		75DC61ED2A4450C3007B1913 /* SkeletonJoint.swift in Sources */ = {isa = PBXBuildFile; fileRef = 75DC61EC2A4450C3007B1913 /* SkeletonJoint.swift */; };
		75DC61EF2A445150007B1913 /* SkeletonBone.swift in Sources */ = {isa = PBXBuildFile; fileRef = 75DC61EE2A445150007B1913 /* SkeletonBone.swift */; };
		75DC61F12A4469CE007B1913 /* Bones.swift in Sources */ = {isa = PBXBuildFile; fileRef = 75DC61F02A4469CE007B1913 /* Bones.swift */; };
		75DC61F32A448052007B1913 /* BodySkeleton.swift in Sources */ = {isa = PBXBuildFile; fileRef = 75DC61F22A448052007B1913 /* BodySkeleton.swift */; };
		A229A8692A46F19100B94F49 /* MultiPeer.swift in Sources */ = {isa = PBXBuildFile; fileRef = A229A8682A46F19100B94F49 /* MultiPeer.swift */; };
/* End PBXBuildFile section */

/* Begin PBXFileReference section */
		75DC61D92A444F0F007B1913 /* ShootAR.app */ = {isa = PBXFileReference; explicitFileType = wrapper.application; includeInIndex = 0; path = ShootAR.app; sourceTree = BUILT_PRODUCTS_DIR; };
		75DC61DC2A444F0F007B1913 /* ShootARApp.swift */ = {isa = PBXFileReference; lastKnownFileType = sourcecode.swift; path = ShootARApp.swift; sourceTree = "<group>"; };
		75DC61DE2A444F0F007B1913 /* ContentView.swift */ = {isa = PBXFileReference; lastKnownFileType = sourcecode.swift; path = ContentView.swift; sourceTree = "<group>"; };
		75DC61E02A444F11007B1913 /* Assets.xcassets */ = {isa = PBXFileReference; lastKnownFileType = folder.assetcatalog; path = Assets.xcassets; sourceTree = "<group>"; };
		75DC61E32A444F11007B1913 /* Preview Assets.xcassets */ = {isa = PBXFileReference; lastKnownFileType = folder.assetcatalog; path = "Preview Assets.xcassets"; sourceTree = "<group>"; };
		75DC61EA2A444F64007B1913 /* ARViewContainer.swift */ = {isa = PBXFileReference; lastKnownFileType = sourcecode.swift; path = ARViewContainer.swift; sourceTree = "<group>"; };
		75DC61EC2A4450C3007B1913 /* SkeletonJoint.swift */ = {isa = PBXFileReference; lastKnownFileType = sourcecode.swift; path = SkeletonJoint.swift; sourceTree = "<group>"; };
		75DC61EE2A445150007B1913 /* SkeletonBone.swift */ = {isa = PBXFileReference; lastKnownFileType = sourcecode.swift; path = SkeletonBone.swift; sourceTree = "<group>"; };
		75DC61F02A4469CE007B1913 /* Bones.swift */ = {isa = PBXFileReference; lastKnownFileType = sourcecode.swift; path = Bones.swift; sourceTree = "<group>"; };
		75DC61F22A448052007B1913 /* BodySkeleton.swift */ = {isa = PBXFileReference; lastKnownFileType = sourcecode.swift; path = BodySkeleton.swift; sourceTree = "<group>"; };
		A229A8682A46F19100B94F49 /* MultiPeer.swift */ = {isa = PBXFileReference; lastKnownFileType = sourcecode.swift; path = MultiPeer.swift; sourceTree = "<group>"; };
/* End PBXFileReference section */

/* Begin PBXFrameworksBuildPhase section */
		75DC61D62A444F0F007B1913 /* Frameworks */ = {
			isa = PBXFrameworksBuildPhase;
			buildActionMask = 2147483647;
			files = (
			);
			runOnlyForDeploymentPostprocessing = 0;
		};
/* End PBXFrameworksBuildPhase section */

/* Begin PBXGroup section */
		75DC61D02A444F0F007B1913 = {
			isa = PBXGroup;
			children = (
				75DC61DB2A444F0F007B1913 /* ShootAR */,
				75DC61DA2A444F0F007B1913 /* Products */,
			);
			sourceTree = "<group>";
		};
		75DC61DA2A444F0F007B1913 /* Products */ = {
			isa = PBXGroup;
			children = (
				75DC61D92A444F0F007B1913 /* ShootAR.app */,
			);
			name = Products;
			sourceTree = "<group>";
		};
		75DC61DB2A444F0F007B1913 /* ShootAR */ = {
			isa = PBXGroup;
			children = (
				75DC61DC2A444F0F007B1913 /* ShootARApp.swift */,
				75DC61DE2A444F0F007B1913 /* ContentView.swift */,
				75DC61EA2A444F64007B1913 /* ARViewContainer.swift */,
				75DC61EC2A4450C3007B1913 /* SkeletonJoint.swift */,
				75DC61EE2A445150007B1913 /* SkeletonBone.swift */,
				75DC61F02A4469CE007B1913 /* Bones.swift */,
				75DC61F22A448052007B1913 /* BodySkeleton.swift */,
				A229A8682A46F19100B94F49 /* MultiPeer.swift */,
				75DC61E02A444F11007B1913 /* Assets.xcassets */,
				75DC61E22A444F11007B1913 /* Preview Content */,
			);
			path = ShootAR;
			sourceTree = "<group>";
		};
		75DC61E22A444F11007B1913 /* Preview Content */ = {
			isa = PBXGroup;
			children = (
				75DC61E32A444F11007B1913 /* Preview Assets.xcassets */,
			);
			path = "Preview Content";
			sourceTree = "<group>";
		};
/* End PBXGroup section */

/* Begin PBXNativeTarget section */
		75DC61D82A444F0F007B1913 /* ShootAR */ = {
			isa = PBXNativeTarget;
			buildConfigurationList = 75DC61E72A444F11007B1913 /* Build configuration list for PBXNativeTarget "ShootAR" */;
			buildPhases = (
				75DC61D52A444F0F007B1913 /* Sources */,
				75DC61D62A444F0F007B1913 /* Frameworks */,
				75DC61D72A444F0F007B1913 /* Resources */,
			);
			buildRules = (
			);
			dependencies = (
			);
			name = ShootAR;
			productName = ShootAR;
			productReference = 75DC61D92A444F0F007B1913 /* ShootAR.app */;
			productType = "com.apple.product-type.application";
		};
/* End PBXNativeTarget section */

/* Begin PBXProject section */
		75DC61D12A444F0F007B1913 /* Project object */ = {
			isa = PBXProject;
			attributes = {
				BuildIndependentTargetsInParallel = 1;
				LastSwiftUpdateCheck = 1430;
				LastUpgradeCheck = 1430;
				TargetAttributes = {
					75DC61D82A444F0F007B1913 = {
						CreatedOnToolsVersion = 14.3.1;
					};
				};
			};
			buildConfigurationList = 75DC61D42A444F0F007B1913 /* Build configuration list for PBXProject "ShootAR" */;
			compatibilityVersion = "Xcode 14.0";
			developmentRegion = en;
			hasScannedForEncodings = 0;
			knownRegions = (
				en,
				Base,
			);
			mainGroup = 75DC61D02A444F0F007B1913;
			productRefGroup = 75DC61DA2A444F0F007B1913 /* Products */;
			projectDirPath = "";
			projectRoot = "";
			targets = (
				75DC61D82A444F0F007B1913 /* ShootAR */,
			);
		};
/* End PBXProject section */

/* Begin PBXResourcesBuildPhase section */
		75DC61D72A444F0F007B1913 /* Resources */ = {
			isa = PBXResourcesBuildPhase;
			buildActionMask = 2147483647;
			files = (
				75DC61E42A444F11007B1913 /* Preview Assets.xcassets in Resources */,
				75DC61E12A444F11007B1913 /* Assets.xcassets in Resources */,
			);
			runOnlyForDeploymentPostprocessing = 0;
		};
/* End PBXResourcesBuildPhase section */

/* Begin PBXSourcesBuildPhase section */
		75DC61D52A444F0F007B1913 /* Sources */ = {
			isa = PBXSourcesBuildPhase;
			buildActionMask = 2147483647;
			files = (
				75DC61F32A448052007B1913 /* BodySkeleton.swift in Sources */,
				A229A8692A46F19100B94F49 /* MultiPeer.swift in Sources */,
				75DC61DF2A444F0F007B1913 /* ContentView.swift in Sources */,
				75DC61F12A4469CE007B1913 /* Bones.swift in Sources */,
				75DC61EF2A445150007B1913 /* SkeletonBone.swift in Sources */,
				75DC61DD2A444F0F007B1913 /* ShootARApp.swift in Sources */,
				75DC61EB2A444F64007B1913 /* ARViewContainer.swift in Sources */,
				75DC61ED2A4450C3007B1913 /* SkeletonJoint.swift in Sources */,
			);
			runOnlyForDeploymentPostprocessing = 0;
		};
/* End PBXSourcesBuildPhase section */

/* Begin XCBuildConfiguration section */
		75DC61E52A444F11007B1913 /* Debug */ = {
			isa = XCBuildConfiguration;
			buildSettings = {
				ALWAYS_SEARCH_USER_PATHS = NO;
				CLANG_ANALYZER_NONNULL = YES;
				CLANG_ANALYZER_NUMBER_OBJECT_CONVERSION = YES_AGGRESSIVE;
				CLANG_CXX_LANGUAGE_STANDARD = "gnu++20";
				CLANG_ENABLE_MODULES = YES;
				CLANG_ENABLE_OBJC_ARC = YES;
				CLANG_ENABLE_OBJC_WEAK = YES;
				CLANG_WARN_BLOCK_CAPTURE_AUTORELEASING = YES;
				CLANG_WARN_BOOL_CONVERSION = YES;
				CLANG_WARN_COMMA = YES;
				CLANG_WARN_CONSTANT_CONVERSION = YES;
				CLANG_WARN_DEPRECATED_OBJC_IMPLEMENTATIONS = YES;
				CLANG_WARN_DIRECT_OBJC_ISA_USAGE = YES_ERROR;
				CLANG_WARN_DOCUMENTATION_COMMENTS = YES;
				CLANG_WARN_EMPTY_BODY = YES;
				CLANG_WARN_ENUM_CONVERSION = YES;
				CLANG_WARN_INFINITE_RECURSION = YES;
				CLANG_WARN_INT_CONVERSION = YES;
				CLANG_WARN_NON_LITERAL_NULL_CONVERSION = YES;
				CLANG_WARN_OBJC_IMPLICIT_RETAIN_SELF = YES;
				CLANG_WARN_OBJC_LITERAL_CONVERSION = YES;
				CLANG_WARN_OBJC_ROOT_CLASS = YES_ERROR;
				CLANG_WARN_QUOTED_INCLUDE_IN_FRAMEWORK_HEADER = YES;
				CLANG_WARN_RANGE_LOOP_ANALYSIS = YES;
				CLANG_WARN_STRICT_PROTOTYPES = YES;
				CLANG_WARN_SUSPICIOUS_MOVE = YES;
				CLANG_WARN_UNGUARDED_AVAILABILITY = YES_AGGRESSIVE;
				CLANG_WARN_UNREACHABLE_CODE = YES;
				CLANG_WARN__DUPLICATE_METHOD_MATCH = YES;
				COPY_PHASE_STRIP = NO;
				DEBUG_INFORMATION_FORMAT = dwarf;
				ENABLE_STRICT_OBJC_MSGSEND = YES;
				ENABLE_TESTABILITY = YES;
				GCC_C_LANGUAGE_STANDARD = gnu11;
				GCC_DYNAMIC_NO_PIC = NO;
				GCC_NO_COMMON_BLOCKS = YES;
				GCC_OPTIMIZATION_LEVEL = 0;
				GCC_PREPROCESSOR_DEFINITIONS = (
					"DEBUG=1",
					"$(inherited)",
				);
				GCC_WARN_64_TO_32_BIT_CONVERSION = YES;
				GCC_WARN_ABOUT_RETURN_TYPE = YES_ERROR;
				GCC_WARN_UNDECLARED_SELECTOR = YES;
				GCC_WARN_UNINITIALIZED_AUTOS = YES_AGGRESSIVE;
				GCC_WARN_UNUSED_FUNCTION = YES;
				GCC_WARN_UNUSED_VARIABLE = YES;
				IPHONEOS_DEPLOYMENT_TARGET = 16.4;
				MTL_ENABLE_DEBUG_INFO = INCLUDE_SOURCE;
				MTL_FAST_MATH = YES;
				ONLY_ACTIVE_ARCH = YES;
				SDKROOT = iphoneos;
				SWIFT_ACTIVE_COMPILATION_CONDITIONS = DEBUG;
				SWIFT_OPTIMIZATION_LEVEL = "-Onone";
			};
			name = Debug;
		};
		75DC61E62A444F11007B1913 /* Release */ = {
			isa = XCBuildConfiguration;
			buildSettings = {
				ALWAYS_SEARCH_USER_PATHS = NO;
				CLANG_ANALYZER_NONNULL = YES;
				CLANG_ANALYZER_NUMBER_OBJECT_CONVERSION = YES_AGGRESSIVE;
				CLANG_CXX_LANGUAGE_STANDARD = "gnu++20";
				CLANG_ENABLE_MODULES = YES;
				CLANG_ENABLE_OBJC_ARC = YES;
				CLANG_ENABLE_OBJC_WEAK = YES;
				CLANG_WARN_BLOCK_CAPTURE_AUTORELEASING = YES;
				CLANG_WARN_BOOL_CONVERSION = YES;
				CLANG_WARN_COMMA = YES;
				CLANG_WARN_CONSTANT_CONVERSION = YES;
				CLANG_WARN_DEPRECATED_OBJC_IMPLEMENTATIONS = YES;
				CLANG_WARN_DIRECT_OBJC_ISA_USAGE = YES_ERROR;
				CLANG_WARN_DOCUMENTATION_COMMENTS = YES;
				CLANG_WARN_EMPTY_BODY = YES;
				CLANG_WARN_ENUM_CONVERSION = YES;
				CLANG_WARN_INFINITE_RECURSION = YES;
				CLANG_WARN_INT_CONVERSION = YES;
				CLANG_WARN_NON_LITERAL_NULL_CONVERSION = YES;
				CLANG_WARN_OBJC_IMPLICIT_RETAIN_SELF = YES;
				CLANG_WARN_OBJC_LITERAL_CONVERSION = YES;
				CLANG_WARN_OBJC_ROOT_CLASS = YES_ERROR;
				CLANG_WARN_QUOTED_INCLUDE_IN_FRAMEWORK_HEADER = YES;
				CLANG_WARN_RANGE_LOOP_ANALYSIS = YES;
				CLANG_WARN_STRICT_PROTOTYPES = YES;
				CLANG_WARN_SUSPICIOUS_MOVE = YES;
				CLANG_WARN_UNGUARDED_AVAILABILITY = YES_AGGRESSIVE;
				CLANG_WARN_UNREACHABLE_CODE = YES;
				CLANG_WARN__DUPLICATE_METHOD_MATCH = YES;
				COPY_PHASE_STRIP = NO;
				DEBUG_INFORMATION_FORMAT = "dwarf-with-dsym";
				ENABLE_NS_ASSERTIONS = NO;
				ENABLE_STRICT_OBJC_MSGSEND = YES;
				GCC_C_LANGUAGE_STANDARD = gnu11;
				GCC_NO_COMMON_BLOCKS = YES;
				GCC_WARN_64_TO_32_BIT_CONVERSION = YES;
				GCC_WARN_ABOUT_RETURN_TYPE = YES_ERROR;
				GCC_WARN_UNDECLARED_SELECTOR = YES;
				GCC_WARN_UNINITIALIZED_AUTOS = YES_AGGRESSIVE;
				GCC_WARN_UNUSED_FUNCTION = YES;
				GCC_WARN_UNUSED_VARIABLE = YES;
				IPHONEOS_DEPLOYMENT_TARGET = 16.4;
				MTL_ENABLE_DEBUG_INFO = NO;
				MTL_FAST_MATH = YES;
				SDKROOT = iphoneos;
				SWIFT_COMPILATION_MODE = wholemodule;
				SWIFT_OPTIMIZATION_LEVEL = "-O";
				VALIDATE_PRODUCT = YES;
			};
			name = Release;
		};
		75DC61E82A444F11007B1913 /* Debug */ = {
			isa = XCBuildConfiguration;
			buildSettings = {
				ASSETCATALOG_COMPILER_APPICON_NAME = AppIcon;
				ASSETCATALOG_COMPILER_GLOBAL_ACCENT_COLOR_NAME = AccentColor;
				CODE_SIGN_STYLE = Automatic;
				CURRENT_PROJECT_VERSION = 1;
				DEVELOPMENT_ASSET_PATHS = "\"ShootAR/Preview Content\"";
				DEVELOPMENT_TEAM = JMJM53PGNF;
				ENABLE_PREVIEWS = YES;
				GENERATE_INFOPLIST_FILE = YES;
				INFOPLIST_KEY_NSCameraUsageDescription = "This app needs access to the camera to enable Augmented Reality";
				INFOPLIST_KEY_UIApplicationSceneManifest_Generation = YES;
				INFOPLIST_KEY_UIApplicationSupportsIndirectInputEvents = YES;
				INFOPLIST_KEY_UILaunchScreen_Generation = YES;
				INFOPLIST_KEY_UISupportedInterfaceOrientations_iPad = "UIInterfaceOrientationPortrait UIInterfaceOrientationPortraitUpsideDown UIInterfaceOrientationLandscapeLeft UIInterfaceOrientationLandscapeRight";
				INFOPLIST_KEY_UISupportedInterfaceOrientations_iPhone = "UIInterfaceOrientationPortrait UIInterfaceOrientationLandscapeLeft UIInterfaceOrientationLandscapeRight";
				LD_RUNPATH_SEARCH_PATHS = (
					"$(inherited)",
					"@executable_path/Frameworks",
				);
				MARKETING_VERSION = 1.0;
				PRODUCT_BUNDLE_IDENTIFIER = dev.ziterz.ShootAR;
				PRODUCT_NAME = "$(TARGET_NAME)";
				SWIFT_EMIT_LOC_STRINGS = YES;
				SWIFT_VERSION = 5.0;
				TARGETED_DEVICE_FAMILY = "1,2";
			};
			name = Debug;
		};
		75DC61E92A444F11007B1913 /* Release */ = {
			isa = XCBuildConfiguration;
			buildSettings = {
				ASSETCATALOG_COMPILER_APPICON_NAME = AppIcon;
				ASSETCATALOG_COMPILER_GLOBAL_ACCENT_COLOR_NAME = AccentColor;
				CODE_SIGN_STYLE = Automatic;
				CURRENT_PROJECT_VERSION = 1;
				DEVELOPMENT_ASSET_PATHS = "\"ShootAR/Preview Content\"";
				DEVELOPMENT_TEAM = JMJM53PGNF;
				ENABLE_PREVIEWS = YES;
				GENERATE_INFOPLIST_FILE = YES;
				INFOPLIST_KEY_NSCameraUsageDescription = "This app needs access to the camera to enable Augmented Reality";
				INFOPLIST_KEY_UIApplicationSceneManifest_Generation = YES;
				INFOPLIST_KEY_UIApplicationSupportsIndirectInputEvents = YES;
				INFOPLIST_KEY_UILaunchScreen_Generation = YES;
				INFOPLIST_KEY_UISupportedInterfaceOrientations_iPad = "UIInterfaceOrientationPortrait UIInterfaceOrientationPortraitUpsideDown UIInterfaceOrientationLandscapeLeft UIInterfaceOrientationLandscapeRight";
				INFOPLIST_KEY_UISupportedInterfaceOrientations_iPhone = "UIInterfaceOrientationPortrait UIInterfaceOrientationLandscapeLeft UIInterfaceOrientationLandscapeRight";
				LD_RUNPATH_SEARCH_PATHS = (
					"$(inherited)",
					"@executable_path/Frameworks",
				);
				MARKETING_VERSION = 1.0;
				PRODUCT_BUNDLE_IDENTIFIER = dev.ziterz.ShootAR;
				PRODUCT_NAME = "$(TARGET_NAME)";
				SWIFT_EMIT_LOC_STRINGS = YES;
				SWIFT_VERSION = 5.0;
				TARGETED_DEVICE_FAMILY = "1,2";
			};
			name = Release;
		};
/* End XCBuildConfiguration section */

/* Begin XCConfigurationList section */
		75DC61D42A444F0F007B1913 /* Build configuration list for PBXProject "ShootAR" */ = {
			isa = XCConfigurationList;
			buildConfigurations = (
				75DC61E52A444F11007B1913 /* Debug */,
				75DC61E62A444F11007B1913 /* Release */,
			);
			defaultConfigurationIsVisible = 0;
			defaultConfigurationName = Release;
		};
		75DC61E72A444F11007B1913 /* Build configuration list for PBXNativeTarget "ShootAR" */ = {
			isa = XCConfigurationList;
			buildConfigurations = (
				75DC61E82A444F11007B1913 /* Debug */,
				75DC61E92A444F11007B1913 /* Release */,
			);
			defaultConfigurationIsVisible = 0;
			defaultConfigurationName = Release;
		};
/* End XCConfigurationList section */
	};
	rootObject = 75DC61D12A444F0F007B1913 /* Project object */;
}
